# Generated by `docstale stamp`. Commit this file with your changes.

"AGENTS.md" = "efdbfad6c3dc6c46"

"CONTRIBUTING.md" = "405f6401a917f3bd"

"README.md" = "8fdf0418d3fd5960"

"SECURITY.md" = "e29ee1e653e07664"

"docs/DEVELOPMENT.md" = "5a23faf01adf8362"

"docs/README_LINUX.md" = "e6e5c707f32085a3"

"docs/README_MACOS.md" = "edb285e2237d641b"

"docs/README_WIN.md" = "34a320cc042da023"

"docs/REFACTOR_SPEC.md" = "89f4ed62dc4d32bc"

"docs/RELEASE_AND_PORTAL.md" = "e1106b6c310fae7b"

"docs/REMOTE_DEPLOYMENT.md" = "dee3a4f5d7027190"

"docs/SECRET_HANDLING.md" = "e3f51da28b06f0ee"

"docs/TUN_MODE.md" = "8771d77eccf41571"

"docs/VPS_DEPLOYMENT.md" = "dee3a4f5d7027190"

"docs/WEBRTC.md" = "2415ae57f07591b3"
