# Generated by `docstale stamp`. Commit this file with your changes.

"AGENTS.md" = "633dc61310e48d9b"

"CONTRIBUTING.md" = "c14013e0462e79c6"

"README.md" = "8fdf0418d3fd5960"

"SECURITY.md" = "24a42c2399c75372"

"docs/DEVELOPMENT.md" = "95313f9557ebe31c"

"docs/README_LINUX.md" = "e6e5c707f32085a3"

"docs/README_MACOS.md" = "edb285e2237d641b"

"docs/README_WIN.md" = "93d51f40ae08122e"

"docs/REFACTOR_SPEC.md" = "fce1403c54c36b1f"

"docs/RELEASE_AND_PORTAL.md" = "e1106b6c310fae7b"

"docs/REMOTE_DEPLOYMENT.md" = "dee3a4f5d7027190"

"docs/SECRET_HANDLING.md" = "e3f51da28b06f0ee"

"docs/TUN_MODE.md" = "8771d77eccf41571"

"docs/VPS_DEPLOYMENT.md" = "dee3a4f5d7027190"
