# Generated by `docstale stamp`. Commit this file with your changes.

"AGENTS.md" = "39105c4d6bdb80f9"

"CONTRIBUTING.md" = "088c1c1eeae71e17"

"README.md" = "8fdf0418d3fd5960"

"SECURITY.md" = "8f29c7ba667e63a6"

"docs/DEVELOPMENT.md" = "3ff7610c217335d8"

"docs/README_LINUX.md" = "e6e5c707f32085a3"

"docs/README_MACOS.md" = "edb285e2237d641b"

"docs/README_WIN.md" = "c085bb38b6fab1fc"

"docs/REFACTOR_SPEC.md" = "d0270ce2b7614ac6"

"docs/RELEASE_AND_PORTAL.md" = "e1106b6c310fae7b"

"docs/REMOTE_DEPLOYMENT.md" = "dee3a4f5d7027190"

"docs/SECRET_HANDLING.md" = "e3f51da28b06f0ee"

"docs/TUN_MODE.md" = "8771d77eccf41571"

"docs/VPS_DEPLOYMENT.md" = "dee3a4f5d7027190"

"docs/WEBRTC.md" = "2ea4f87a88427052"
